{
  "name": "logs",
  "version": "1.0.0",
  "lockfileVersion": 3,
  "requires": true,
  "packages": {
    "": {
      "name": "logs",
      "version": "1.0.0",
      "license": "ISC",
      "dependencies": {
        "@robojones/nginx-log-parser": "^0.0.6",
        "nginx-log-parser": "^0.0.4",
        "readline": "^1.3.0"
      }
    },
    "node_modules/@robojones/nginx-log-parser": {
      "version": "0.0.6",
      "resolved": "https://registry.npmjs.org/@robojones/nginx-log-parser/-/nginx-log-parser-0.0.6.tgz",
      "integrity": "sha512-/1UIvDSuyelQFYA4KP3u2owCq17fxl68pzXOlvqzRo6Ajrz7w7/AWzq8P5Ifk4I2mD3FDwAkOdNDXMv8/FzcbQ==",
      "dependencies": {
        "@types/node": "^10.9.4"
      },
      "engines": {
        "node": ">=7.0.0"
      }
    },
    "node_modules/@types/node": {
      "version": "10.17.60",
      "resolved": "https://registry.npmjs.org/@types/node/-/node-10.17.60.tgz",
      "integrity": "sha512-F0KIgDJfy2nA3zMLmWGKxcH2ZVEtCZXHHdOQs2gSaQ27+lNeEfGxzkIw90aXswATX7AZ33tahPbzy6KAfUreVw=="
    },
    "node_modules/nginx-log-parser": {
      "version": "0.0.4",
      "resolved": "https://registry.npmjs.org/nginx-log-parser/-/nginx-log-parser-0.0.4.tgz",
      "integrity": "sha512-qJoPpW2A+wXOLR5xZzsegR4NOY3yVlS/sU5GCf+e2rwp3gym902AvJT1598sHcH07p2Abr0V4rGBNssLeALgoQ==",
      "engines": {
        "node": ">=0.12"
      }
    },
    "node_modules/readline": {
      "version": "1.3.0",
      "resolved": "https://registry.npmjs.org/readline/-/readline-1.3.0.tgz",
      "integrity": "sha512-k2d6ACCkiNYz222Fs/iNze30rRJ1iIicW7JuX/7/cozvih6YCkFZH+J6mAFDVgv0dRBaAyr4jDqC95R2y4IADg=="
    }
  }
}
